{
  "name": "honkit-plugin-browser-detected-tabs",
  "version": "1.0.0",
  "lockfileVersion": 3,
  "requires": true,
  "packages": {
    "": {
      "name": "honkit-plugin-browser-detected-tabs",
      "version": "1.0.0",
      "dependencies": {
        "detect-browser": "^5.3.0",
        "marked": "^13.0.2"
      },
      "engines": {
        "honkit": ">1.x.x"
      }
    },
    "node_modules/detect-browser": {
      "version": "5.3.0",
      "resolved": "https://registry.npmjs.org/detect-browser/-/detect-browser-5.3.0.tgz",
      "integrity": "sha512-53rsFbGdwMwlF7qvCt0ypLM5V5/Mbl0szB7GPN8y9NCcbknYOeVVXdrXEq+90IwAfrrzt6Hd+u2E2ntakICU8w=="
    },
    "node_modules/marked": {
      "version": "13.0.2",
      "resolved": "https://registry.npmjs.org/marked/-/marked-13.0.2.tgz",
      "integrity": "sha512-J6CPjP8pS5sgrRqxVRvkCIkZ6MFdRIjDkwUwgJ9nL2fbmM6qGQeB2C16hi8Cc9BOzj6xXzy0jyi0iPIfnMHYzA==",
      "bin": {
        "marked": "bin/marked.js"
      },
      "engines": {
        "node": ">= 18"
      }
    }
  }
}
